version = 1
revision = 2
requires-python = ">=3.11"
resolution-markers = [
    "python_full_version >= '3.12' and sys_platform == 'darwin'",
    "python_full_version >= '3.12' and platform_machine == 'aarch64' and sys_platform == 'linux'",
    "(python_full_version >= '3.12' and platform_machine != 'aarch64' and sys_platform == 'linux') or (python_full_version >= '3.12' and sys_platform != 'darwin' and sys_platform != 'linux')",
    "python_full_version < '3.12' and sys_platform == 'darwin'",
    "python_full_version < '3.12' and platform_machine == 'aarch64' and sys_platform == 'linux'",
    "(python_full_version < '3.12' and platform_machine != 'aarch64' and sys_platform == 'linux') or (python_full_version < '3.12' and sys_platform != 'darwin' and sys_platform != 'linux')",
]

[[package]]
name = "av"
version = "14.2.0"
source = { registry = "https://pypi.org/simple" }
sdist = { url = "https://files.pythonhosted.org/packages/f8/b6/83129e0337376214b0304893cbf0ad0a54718bb47845517fa5870439ca0b/av-14.2.0.tar.gz", hash = "sha256:132b5d52ca262b97b0356e8f48cbbe54d0ac232107a722ab8cc8c0c19eafa17b", size = 4063022, upload-time = "2025-02-25T13:51:40.676Z" }
wheels = [
    { url = "https://files.pythonhosted.org/packages/75/d9/f93c06716ee45e5ec78814179f13ccef80593df69c2b8f48c6633a2157d0/av-14.2.0-cp311-cp311-macosx_12_0_arm64.whl", hash = "sha256:42d0067654f3b05a86ddfaf4d82d4cb913d914024c5bbc8245dfe76357dfa350", size = 22066013, upload-time = "2025-02-25T13:49:24.555Z" },
    { url = "https://files.pythonhosted.org/packages/f5/18/d4352b27f3c93efbea9950c151d93bed6f3d8bb18d9d6467e064749133b1/av-14.2.0-cp311-cp311-macosx_12_0_x86_64.whl", hash = "sha256:d8c58401c3cf38bff59e45aa6a1fc1c4cb2443b872d668b4a11e4a6d5e5b5ac0", size = 27441465, upload-time = "2025-02-25T13:49:29.302Z" },
    { url = "https://files.pythonhosted.org/packages/18/68/a9398e36676721f335720173c856d26c4031203b8323ea43dd132c17cc34/av-14.2.0-cp311-cp311-manylinux_2_17_aarch64.manylinux2014_aarch64.whl", hash = "sha256:707b3e9ec74d91a163b1b774b592cae32241f9df9b8f6c270ab7c7603e62359d", size = 37489187, upload-time = "2025-02-25T13:49:36.724Z" },
    { url = "https://files.pythonhosted.org/packages/73/38/2d407d1775efa096fe1ec64bbe45eb85b2637245ab798979adf2b06cf4be/av-14.2.0-cp311-cp311-manylinux_2_17_i686.manylinux2014_i686.whl", hash = "sha256:7c5443e0396adffa66ca75bcbac3607ebdd4e15fe17dd20cf0b5b2a95915f42b", size = 35784761, upload-time = "2025-02-25T13:49:42.647Z" },
    { url = "https://files.pythonhosted.org/packages/af/3a/4156fa8234aa388c8aa6106f6356aad2e03682a4bca238c259caa4db7ecd/av-14.2.0-cp311-cp311-manylinux_2_17_x86_64.manylinux2014_x86_64.whl", hash = "sha256:e7647d4a8d1855d05fe70784a962b15e103a2d4a0eba1dea7bfbfd95753dedb9", size = 39678470, upload-time = "2025-02-25T13:49:50.047Z" },
    { url = "https://files.pythonhosted.org/packages/1a/ab/ddc797e2e99b84c674d7405ca3f99318d7bd7ff3ad13430911bc037ea3a9/av-14.2.0-cp311-cp311-win_amd64.whl", hash = "sha256:530800028f1056be744bd002b4f60fe85395d94603627a2e0aa26acf90cd4521", size = 30853921, upload-time = "2025-02-25T13:49:55.457Z" },
    { url = "https://files.pythonhosted.org/packages/5b/88/b56f5e5fa2486ee51413b043e08c7f5ed119c1e10b72725593da30adc28f/av-14.2.0-cp312-cp312-macosx_12_0_arm64.whl", hash = "sha256:a3da3e951148291d70f6cb3fb37bf81580b01992e915ef1030108e4076f62d38", size = 22070132, upload-time = "2025-02-25T13:49:59.584Z" },
    { url = "https://files.pythonhosted.org/packages/89/36/787af232db9b3d5bbd5eb4d1d46c51b9669cba5b2273bb68a445cb281db8/av-14.2.0-cp312-cp312-macosx_12_0_x86_64.whl", hash = "sha256:6a6aae9e17aae4f2a97335825c0a701b763b72aaf89428f2a70bbdc83b64ad23", size = 27454954, upload-time = "2025-02-25T13:50:03.976Z" },
    { url = "https://files.pythonhosted.org/packages/d3/c3/a174388d393f1564ad4c1b8300eb4f3e972851a4d392c1eba66a6848749e/av-14.2.0-cp312-cp312-manylinux_2_17_aarch64.manylinux2014_aarch64.whl", hash = "sha256:897be9a665c365dfcf0c10a257fe223521ed4d3b478e6b258f55f7cd13fdedd3", size = 37748788, upload-time = "2025-02-25T13:50:09.917Z" },
    { url = "https://files.pythonhosted.org/packages/f1/b4/96469f9e2b2763d49cd185be31a2512e52c9ff8526ee113cadfbab036850/av-14.2.0-cp312-cp312-manylinux_2_17_i686.manylinux2014_i686.whl", hash = "sha256:c9b5fc39524903c0bae26e856b7cff4b227f8472a9e8851b117a7711d3a01ac6", size = 36062884, upload-time = "2025-02-25T13:50:17.569Z" },
    { url = "https://files.pythonhosted.org/packages/ed/e8/cf60f3fcde3d0eedee3e9ff66b674a9b85bffc907dccebbc56fb5ac4a954/av-14.2.0-cp312-cp312-manylinux_2_17_x86_64.manylinux2014_x86_64.whl", hash = "sha256:14c5f00b0b60d127ac0cde46a5bce9b67e905ba93033fdd48ae550c0c05d51b8", size = 40040294, upload-time = "2025-02-25T13:50:26.012Z" },
    { url = "https://files.pythonhosted.org/packages/93/47/94b8fcfb8f102b45f2ca427b65a1243376d83d20c27f409170a4cc20e8ff/av-14.2.0-cp312-cp312-win_amd64.whl", hash = "sha256:de04052374dbd36d9e8bcf2ead6501cc45e16bc13036d8cc17dacec96b7f6c51", size = 30857257, upload-time = "2025-02-25T13:50:31.9Z" },
    { url = "https://files.pythonhosted.org/packages/09/5b/cd6c553af8385e590b5f816093ecb6e267e3f00c2669f8323be8f62b96c3/av-14.2.0-cp313-cp313-macosx_12_0_arm64.whl", hash = "sha256:e745ac7db026f4f68e4b5aebeda0d6188d2fb78a26825e628b97ee7ccaadc7e0", size = 22029217, upload-time = "2025-02-25T13:50:36.301Z" },
    { url = "https://files.pythonhosted.org/packages/ce/bd/82c55b903fc1fc9428881742a10f5a4180a4f60ad2d75eb451acf85e7ceb/av-14.2.0-cp313-cp313-macosx_12_0_x86_64.whl", hash = "sha256:69e93ae8fd4e55247ebcc966a0bf1bcc7fcba2f6b9811eb622613c2615aec59f", size = 27412669, upload-time = "2025-02-25T13:50:40.078Z" },
    { url = "https://files.pythonhosted.org/packages/a9/a5/39b9705e23b8b2369a45d00de24cbe080d4cd0ad2907c9a72bd5b5e42141/av-14.2.0-cp313-cp313-manylinux_2_17_aarch64.manylinux2014_aarch64.whl", hash = "sha256:01dfdd042a1077e37308a9c2538eb7cfb01588b916c9083f66fbf1b94432fb1a", size = 37392185, upload-time = "2025-02-25T13:50:45.4Z" },
    { url = "https://files.pythonhosted.org/packages/56/4d/7b741803a88342d1e532d651be7a4a3f00a225dbc3a1648f8c447b64cc93/av-14.2.0-cp313-cp313-manylinux_2_17_i686.manylinux2014_i686.whl", hash = "sha256:c357421d4ec2f2eb919c0a4d48814328b93f456da12e8d751ca13be02920a82e", size = 35719211, upload-time = "2025-02-25T13:50:51.198Z" },
    { url = "https://files.pythonhosted.org/packages/44/58/5f156af35eb58857f3a1c21b0d9b1bbfa535c2b4cecd6e0789c2202ead08/av-14.2.0-cp313-cp313-manylinux_2_17_x86_64.manylinux2014_x86_64.whl", hash = "sha256:7aeec3413822ffacc67a4832a0254cb67a3cfe6e3774ed80c0fa1b349dd1fe2b", size = 39691118, upload-time = "2025-02-25T13:50:57.669Z" },
    { url = "https://files.pythonhosted.org/packages/5f/87/d7a5d6995f90b73b70554eea5ee9743ef1e2897be8117aa7a48e8c834239/av-14.2.0-cp313-cp313-win_amd64.whl", hash = "sha256:b1c8b180cf339644f01b9a3c9a55aedbd1cf60ac60335f0254dcd6af3ba3fab4", size = 30827999, upload-time = "2025-02-25T13:51:02.655Z" },
]

[[package]]
name = "click"
version = "8.1.8"
source = { registry = "https://pypi.org/simple" }
dependencies = [
    { name = "colorama", marker = "sys_platform == 'win32'" },
]
sdist = { url = "https://files.pythonhosted.org/packages/b9/2e/0090cbf739cee7d23781ad4b89a9894a41538e4fcf4c31dcdd705b78eb8b/click-8.1.8.tar.gz", hash = "sha256:ed53c9d8990d83c2a27deae68e4ee337473f6330c040a31d4225c9574d16096a", size = 226593, upload-time = "2024-12-21T18:38:44.339Z" }
wheels = [
    { url = "https://files.pythonhosted.org/packages/7e/d4/7ebdbd03970677812aac39c869717059dbb71a4cfc033ca6e5221787892c/click-8.1.8-py3-none-any.whl", hash = "sha256:63c132bbbed01578a06712a2d1f497bb62d9c1c0d329b7903a866228027263b2", size = 98188, upload-time = "2024-12-21T18:38:41.666Z" },
]

[[package]]
name = "colorama"
version = "0.4.6"
source = { registry = "https://pypi.org/simple" }
sdist = { url = "https://files.pythonhosted.org/packages/d8/53/6f443c9a4a8358a93a6792e2acffb9d9d5cb0a5cfd8802644b7b1c9a02e4/colorama-0.4.6.tar.gz", hash = "sha256:08695f5cb7ed6e0531a20572697297273c47b8cae5a63ffc6d6ed5c201be6e44", size = 27697, upload-time = "2022-10-25T02:36:22.414Z" }
wheels = [
    { url = "https://files.pythonhosted.org/packages/d1/d6/3965ed04c63042e047cb6a3e6ed1a63a35087b6a609aa3a15ed8ac56c221/colorama-0.4.6-py2.py3-none-any.whl", hash = "sha256:4f1d9991f5acc0ca119f9d443620b77f9d6b33703e51011c16baf57afb285fc6", size = 25335, upload-time = "2022-10-25T02:36:20.889Z" },
]

[[package]]
name = "h5py"
version = "3.13.0"
source = { registry = "https://pypi.org/simple" }
dependencies = [
    { name = "numpy" },
]
sdist = { url = "https://files.pythonhosted.org/packages/03/2e/a22d6a8bfa6f8be33e7febd985680fba531562795f0a9077ed1eb047bfb0/h5py-3.13.0.tar.gz", hash = "sha256:1870e46518720023da85d0895a1960ff2ce398c5671eac3b1a41ec696b7105c3", size = 414876, upload-time = "2025-02-18T16:04:01.824Z" }
wheels = [
    { url = "https://files.pythonhosted.org/packages/86/2b/50b15fdefb577d073b49699e6ea6a0a77a3a1016c2b67e2149fc50124a10/h5py-3.13.0-cp311-cp311-macosx_10_9_x86_64.whl", hash = "sha256:8a8e38ef4ceb969f832cc230c0cf808c613cc47e31e768fd7b1106c55afa1cb8", size = 3422922, upload-time = "2025-02-18T16:02:36.376Z" },
    { url = "https://files.pythonhosted.org/packages/94/59/36d87a559cab9c59b59088d52e86008d27a9602ce3afc9d3b51823014bf3/h5py-3.13.0-cp311-cp311-macosx_11_0_arm64.whl", hash = "sha256:f35640e81b03c02a88b8bf99fb6a9d3023cc52f7c627694db2f379e0028f2868", size = 2921619, upload-time = "2025-02-18T16:02:40.722Z" },
    { url = "https://files.pythonhosted.org/packages/37/ef/6f80b19682c0b0835bbee7b253bec9c16af9004f2fd6427b1dd858100273/h5py-3.13.0-cp311-cp311-manylinux_2_17_aarch64.manylinux2014_aarch64.whl", hash = "sha256:337af114616f3656da0c83b68fcf53ecd9ce9989a700b0883a6e7c483c3235d4", size = 4259366, upload-time = "2025-02-18T16:02:44.544Z" },
    { url = "https://files.pythonhosted.org/packages/03/71/c99f662d4832c8835453cf3476f95daa28372023bda4aa1fca9e97c24f09/h5py-3.13.0-cp311-cp311-manylinux_2_17_x86_64.manylinux2014_x86_64.whl", hash = "sha256:782ff0ac39f455f21fd1c8ebc007328f65f43d56718a89327eec76677ebf238a", size = 4509058, upload-time = "2025-02-18T16:02:49.035Z" },
    { url = "https://files.pythonhosted.org/packages/56/89/e3ff23e07131ff73a72a349be9639e4de84e163af89c1c218b939459a98a/h5py-3.13.0-cp311-cp311-win_amd64.whl", hash = "sha256:22ffe2a25770a2d67213a1b94f58006c14dce06933a42d2aaa0318c5868d1508", size = 2966428, upload-time = "2025-02-18T16:02:52.061Z" },
    { url = "https://files.pythonhosted.org/packages/d8/20/438f6366ba4ded80eadb38f8927f5e2cd6d2e087179552f20ae3dbcd5d5b/h5py-3.13.0-cp312-cp312-macosx_10_13_x86_64.whl", hash = "sha256:477c58307b6b9a2509c59c57811afb9f598aedede24a67da808262dfa0ee37b4", size = 3384442, upload-time = "2025-02-18T16:02:56.545Z" },
    { url = "https://files.pythonhosted.org/packages/10/13/cc1cb7231399617d9951233eb12fddd396ff5d4f7f057ee5d2b1ca0ee7e7/h5py-3.13.0-cp312-cp312-macosx_11_0_arm64.whl", hash = "sha256:57c4c74f627c616f02b7aec608a8c706fe08cb5b0ba7c08555a4eb1dde20805a", size = 2917567, upload-time = "2025-02-18T16:03:00.079Z" },
    { url = "https://files.pythonhosted.org/packages/9e/d9/aed99e1c858dc698489f916eeb7c07513bc864885d28ab3689d572ba0ea0/h5py-3.13.0-cp312-cp312-manylinux_2_17_aarch64.manylinux2014_aarch64.whl", hash = "sha256:357e6dc20b101a805ccfd0024731fbaf6e8718c18c09baf3b5e4e9d198d13fca", size = 4669544, upload-time = "2025-02-18T16:03:05.675Z" },
    { url = "https://files.pythonhosted.org/packages/a7/da/3c137006ff5f0433f0fb076b1ebe4a7bf7b5ee1e8811b5486af98b500dd5/h5py-3.13.0-cp312-cp312-manylinux_2_17_x86_64.manylinux2014_x86_64.whl", hash = "sha256:d6f13f9b5ce549448c01e4dfe08ea8d1772e6078799af2c1c8d09e941230a90d", size = 4932139, upload-time = "2025-02-18T16:03:10.129Z" },
    { url = "https://files.pythonhosted.org/packages/25/61/d897952629cae131c19d4c41b2521e7dd6382f2d7177c87615c2e6dced1a/h5py-3.13.0-cp312-cp312-win_amd64.whl", hash = "sha256:21daf38171753899b5905f3d82c99b0b1ec2cbbe282a037cad431feb620e62ec", size = 2954179, upload-time = "2025-02-18T16:03:13.716Z" },
    { url = "https://files.pythonhosted.org/packages/60/43/f276f27921919a9144074320ce4ca40882fc67b3cfee81c3f5c7df083e97/h5py-3.13.0-cp313-cp313-macosx_10_13_x86_64.whl", hash = "sha256:e520ec76de00943dd017c8ea3f354fa1d2f542eac994811943a8faedf2a7d5cb", size = 3358040, upload-time = "2025-02-18T16:03:20.579Z" },
    { url = "https://files.pythonhosted.org/packages/1b/86/ad4a4cf781b08d4572be8bbdd8f108bb97b266a14835c640dc43dafc0729/h5py-3.13.0-cp313-cp313-macosx_11_0_arm64.whl", hash = "sha256:e79d8368cd9295045956bfb436656bea3f915beaa11d342e9f79f129f5178763", size = 2892766, upload-time = "2025-02-18T16:03:26.831Z" },
    { url = "https://files.pythonhosted.org/packages/69/84/4c6367d6b58deaf0fa84999ec819e7578eee96cea6cbd613640d0625ed5e/h5py-3.13.0-cp313-cp313-manylinux_2_17_aarch64.manylinux2014_aarch64.whl", hash = "sha256:56dd172d862e850823c4af02dc4ddbc308f042b85472ffdaca67f1598dff4a57", size = 4664255, upload-time = "2025-02-18T16:03:31.903Z" },
    { url = "https://files.pythonhosted.org/packages/fd/41/bc2df86b72965775f6d621e0ee269a5f3ac23e8f870abf519de9c7d93b4d/h5py-3.13.0-cp313-cp313-manylinux_2_17_x86_64.manylinux2014_x86_64.whl", hash = "sha256:be949b46b7388074c5acae017fbbe3e5ba303fd9daaa52157fdfef30bbdacadd", size = 4927580, upload-time = "2025-02-18T16:03:36.429Z" },
    { url = "https://files.pythonhosted.org/packages/97/34/165b87ea55184770a0c1fcdb7e017199974ad2e271451fd045cfe35f3add/h5py-3.13.0-cp313-cp313-win_amd64.whl", hash = "sha256:4f97ecde7ac6513b21cd95efdfc38dc6d19f96f6ca6f2a30550e94e551458e0a", size = 2940890, upload-time = "2025-02-18T16:03:41.037Z" },
]

[[package]]
name = "moseq-compress"
version = "0.1.3"
source = { editable = "." }
dependencies = [
    { name = "av" },
    { name = "click" },
    { name = "h5py" },
    { name = "numpy" },
    { name = "opencv-python-headless" },
    { name = "tqdm" },
]

[package.metadata]
requires-dist = [
    { name = "av", specifier = "==14.2" },
    { name = "click", specifier = ">=8.1.8" },
    { name = "h5py", specifier = ">=3.13.0" },
    { name = "numpy", specifier = ">=2.2.5" },
    { name = "opencv-python-headless", specifier = ">=4.11.0.86" },
    { name = "tqdm", specifier = ">=4.67.1" },
]

[[package]]
name = "numpy"
version = "2.2.5"
source = { registry = "https://pypi.org/simple" }
sdist = { url = "https://files.pythonhosted.org/packages/dc/b2/ce4b867d8cd9c0ee84938ae1e6a6f7926ebf928c9090d036fc3c6a04f946/numpy-2.2.5.tar.gz", hash = "sha256:a9c0d994680cd991b1cb772e8b297340085466a6fe964bc9d4e80f5e2f43c291", size = 20273920, upload-time = "2025-04-19T23:27:42.561Z" }
wheels = [
    { url = "https://files.pythonhosted.org/packages/f5/fb/e4e4c254ba40e8f0c78218f9e86304628c75b6900509b601c8433bdb5da7/numpy-2.2.5-cp311-cp311-macosx_10_9_x86_64.whl", hash = "sha256:c42365005c7a6c42436a54d28c43fe0e01ca11eb2ac3cefe796c25a5f98e5e9b", size = 21256475, upload-time = "2025-04-19T22:34:24.174Z" },
    { url = "https://files.pythonhosted.org/packages/81/32/dd1f7084f5c10b2caad778258fdaeedd7fbd8afcd2510672811e6138dfac/numpy-2.2.5-cp311-cp311-macosx_11_0_arm64.whl", hash = "sha256:498815b96f67dc347e03b719ef49c772589fb74b8ee9ea2c37feae915ad6ebda", size = 14461474, upload-time = "2025-04-19T22:34:46.578Z" },
    { url = "https://files.pythonhosted.org/packages/0e/65/937cdf238ef6ac54ff749c0f66d9ee2b03646034c205cea9b6c51f2f3ad1/numpy-2.2.5-cp311-cp311-macosx_14_0_arm64.whl", hash = "sha256:6411f744f7f20081b1b4e7112e0f4c9c5b08f94b9f086e6f0adf3645f85d3a4d", size = 5426875, upload-time = "2025-04-19T22:34:56.281Z" },
    { url = "https://files.pythonhosted.org/packages/25/17/814515fdd545b07306eaee552b65c765035ea302d17de1b9cb50852d2452/numpy-2.2.5-cp311-cp311-macosx_14_0_x86_64.whl", hash = "sha256:9de6832228f617c9ef45d948ec1cd8949c482238d68b2477e6f642c33a7b0a54", size = 6969176, upload-time = "2025-04-19T22:35:07.518Z" },
    { url = "https://files.pythonhosted.org/packages/e5/32/a66db7a5c8b5301ec329ab36d0ecca23f5e18907f43dbd593c8ec326d57c/numpy-2.2.5-cp311-cp311-manylinux_2_17_aarch64.manylinux2014_aarch64.whl", hash = "sha256:369e0d4647c17c9363244f3468f2227d557a74b6781cb62ce57cf3ef5cc7c610", size = 14374850, upload-time = "2025-04-19T22:35:31.347Z" },
    { url = "https://files.pythonhosted.org/packages/ad/c9/1bf6ada582eebcbe8978f5feb26584cd2b39f94ededeea034ca8f84af8c8/numpy-2.2.5-cp311-cp311-manylinux_2_17_x86_64.manylinux2014_x86_64.whl", hash = "sha256:262d23f383170f99cd9191a7c85b9a50970fe9069b2f8ab5d786eca8a675d60b", size = 16430306, upload-time = "2025-04-19T22:35:57.573Z" },
    { url = "https://files.pythonhosted.org/packages/6a/f0/3f741863f29e128f4fcfdb99253cc971406b402b4584663710ee07f5f7eb/numpy-2.2.5-cp311-cp311-musllinux_1_2_aarch64.whl", hash = "sha256:aa70fdbdc3b169d69e8c59e65c07a1c9351ceb438e627f0fdcd471015cd956be", size = 15884767, upload-time = "2025-04-19T22:36:22.245Z" },
    { url = "https://files.pythonhosted.org/packages/98/d9/4ccd8fd6410f7bf2d312cbc98892e0e43c2fcdd1deae293aeb0a93b18071/numpy-2.2.5-cp311-cp311-musllinux_1_2_x86_64.whl", hash = "sha256:37e32e985f03c06206582a7323ef926b4e78bdaa6915095ef08070471865b906", size = 18219515, upload-time = "2025-04-19T22:36:49.822Z" },
    { url = "https://files.pythonhosted.org/packages/b1/56/783237243d4395c6dd741cf16eeb1a9035ee3d4310900e6b17e875d1b201/numpy-2.2.5-cp311-cp311-win32.whl", hash = "sha256:f5045039100ed58fa817a6227a356240ea1b9a1bc141018864c306c1a16d4175", size = 6607842, upload-time = "2025-04-19T22:37:01.624Z" },
    { url = "https://files.pythonhosted.org/packages/98/89/0c93baaf0094bdaaaa0536fe61a27b1dce8a505fa262a865ec142208cfe9/numpy-2.2.5-cp311-cp311-win_amd64.whl", hash = "sha256:b13f04968b46ad705f7c8a80122a42ae8f620536ea38cf4bdd374302926424dd", size = 12949071, upload-time = "2025-04-19T22:37:21.098Z" },
    { url = "https://files.pythonhosted.org/packages/e2/f7/1fd4ff108cd9d7ef929b8882692e23665dc9c23feecafbb9c6b80f4ec583/numpy-2.2.5-cp312-cp312-macosx_10_13_x86_64.whl", hash = "sha256:ee461a4eaab4f165b68780a6a1af95fb23a29932be7569b9fab666c407969051", size = 20948633, upload-time = "2025-04-19T22:37:52.4Z" },
    { url = "https://files.pythonhosted.org/packages/12/03/d443c278348371b20d830af155ff2079acad6a9e60279fac2b41dbbb73d8/numpy-2.2.5-cp312-cp312-macosx_11_0_arm64.whl", hash = "sha256:ec31367fd6a255dc8de4772bd1658c3e926d8e860a0b6e922b615e532d320ddc", size = 14176123, upload-time = "2025-04-19T22:38:15.058Z" },
    { url = "https://files.pythonhosted.org/packages/2b/0b/5ca264641d0e7b14393313304da48b225d15d471250376f3fbdb1a2be603/numpy-2.2.5-cp312-cp312-macosx_14_0_arm64.whl", hash = "sha256:47834cde750d3c9f4e52c6ca28a7361859fcaf52695c7dc3cc1a720b8922683e", size = 5163817, upload-time = "2025-04-19T22:38:24.885Z" },
    { url = "https://files.pythonhosted.org/packages/04/b3/d522672b9e3d28e26e1613de7675b441bbd1eaca75db95680635dd158c67/numpy-2.2.5-cp312-cp312-macosx_14_0_x86_64.whl", hash = "sha256:2c1a1c6ccce4022383583a6ded7bbcda22fc635eb4eb1e0a053336425ed36dfa", size = 6698066, upload-time = "2025-04-19T22:38:35.782Z" },
    { url = "https://files.pythonhosted.org/packages/a0/93/0f7a75c1ff02d4b76df35079676b3b2719fcdfb39abdf44c8b33f43ef37d/numpy-2.2.5-cp312-cp312-manylinux_2_17_aarch64.manylinux2014_aarch64.whl", hash = "sha256:9d75f338f5f79ee23548b03d801d28a505198297534f62416391857ea0479571", size = 14087277, upload-time = "2025-04-19T22:38:57.697Z" },
    { url = "https://files.pythonhosted.org/packages/b0/d9/7c338b923c53d431bc837b5b787052fef9ae68a56fe91e325aac0d48226e/numpy-2.2.5-cp312-cp312-manylinux_2_17_x86_64.manylinux2014_x86_64.whl", hash = "sha256:3a801fef99668f309b88640e28d261991bfad9617c27beda4a3aec4f217ea073", size = 16135742, upload-time = "2025-04-19T22:39:22.689Z" },
    { url = "https://files.pythonhosted.org/packages/2d/10/4dec9184a5d74ba9867c6f7d1e9f2e0fb5fe96ff2bf50bb6f342d64f2003/numpy-2.2.5-cp312-cp312-musllinux_1_2_aarch64.whl", hash = "sha256:abe38cd8381245a7f49967a6010e77dbf3680bd3627c0fe4362dd693b404c7f8", size = 15581825, upload-time = "2025-04-19T22:39:45.794Z" },
    { url = "https://files.pythonhosted.org/packages/80/1f/2b6fcd636e848053f5b57712a7d1880b1565eec35a637fdfd0a30d5e738d/numpy-2.2.5-cp312-cp312-musllinux_1_2_x86_64.whl", hash = "sha256:5a0ac90e46fdb5649ab6369d1ab6104bfe5854ab19b645bf5cda0127a13034ae", size = 17899600, upload-time = "2025-04-19T22:40:13.427Z" },
    { url = "https://files.pythonhosted.org/packages/ec/87/36801f4dc2623d76a0a3835975524a84bd2b18fe0f8835d45c8eae2f9ff2/numpy-2.2.5-cp312-cp312-win32.whl", hash = "sha256:0cd48122a6b7eab8f06404805b1bd5856200e3ed6f8a1b9a194f9d9054631beb", size = 6312626, upload-time = "2025-04-19T22:40:25.223Z" },
    { url = "https://files.pythonhosted.org/packages/8b/09/4ffb4d6cfe7ca6707336187951992bd8a8b9142cf345d87ab858d2d7636a/numpy-2.2.5-cp312-cp312-win_amd64.whl", hash = "sha256:ced69262a8278547e63409b2653b372bf4baff0870c57efa76c5703fd6543282", size = 12645715, upload-time = "2025-04-19T22:40:44.528Z" },
    { url = "https://files.pythonhosted.org/packages/e2/a0/0aa7f0f4509a2e07bd7a509042967c2fab635690d4f48c6c7b3afd4f448c/numpy-2.2.5-cp313-cp313-macosx_10_13_x86_64.whl", hash = "sha256:059b51b658f4414fff78c6d7b1b4e18283ab5fa56d270ff212d5ba0c561846f4", size = 20935102, upload-time = "2025-04-19T22:41:16.234Z" },
    { url = "https://files.pythonhosted.org/packages/7e/e4/a6a9f4537542912ec513185396fce52cdd45bdcf3e9d921ab02a93ca5aa9/numpy-2.2.5-cp313-cp313-macosx_11_0_arm64.whl", hash = "sha256:47f9ed103af0bc63182609044b0490747e03bd20a67e391192dde119bf43d52f", size = 14191709, upload-time = "2025-04-19T22:41:38.472Z" },
    { url = "https://files.pythonhosted.org/packages/be/65/72f3186b6050bbfe9c43cb81f9df59ae63603491d36179cf7a7c8d216758/numpy-2.2.5-cp313-cp313-macosx_14_0_arm64.whl", hash = "sha256:261a1ef047751bb02f29dfe337230b5882b54521ca121fc7f62668133cb119c9", size = 5149173, upload-time = "2025-04-19T22:41:47.823Z" },
    { url = "https://files.pythonhosted.org/packages/e5/e9/83e7a9432378dde5802651307ae5e9ea07bb72b416728202218cd4da2801/numpy-2.2.5-cp313-cp313-macosx_14_0_x86_64.whl", hash = "sha256:4520caa3807c1ceb005d125a75e715567806fed67e315cea619d5ec6e75a4191", size = 6684502, upload-time = "2025-04-19T22:41:58.689Z" },
    { url = "https://files.pythonhosted.org/packages/ea/27/b80da6c762394c8ee516b74c1f686fcd16c8f23b14de57ba0cad7349d1d2/numpy-2.2.5-cp313-cp313-manylinux_2_17_aarch64.manylinux2014_aarch64.whl", hash = "sha256:3d14b17b9be5f9c9301f43d2e2a4886a33b53f4e6fdf9ca2f4cc60aeeee76372", size = 14084417, upload-time = "2025-04-19T22:42:19.897Z" },
    { url = "https://files.pythonhosted.org/packages/aa/fc/ebfd32c3e124e6a1043e19c0ab0769818aa69050ce5589b63d05ff185526/numpy-2.2.5-cp313-cp313-manylinux_2_17_x86_64.manylinux2014_x86_64.whl", hash = "sha256:2ba321813a00e508d5421104464510cc962a6f791aa2fca1c97b1e65027da80d", size = 16133807, upload-time = "2025-04-19T22:42:44.433Z" },
    { url = "https://files.pythonhosted.org/packages/bf/9b/4cc171a0acbe4666f7775cfd21d4eb6bb1d36d3a0431f48a73e9212d2278/numpy-2.2.5-cp313-cp313-musllinux_1_2_aarch64.whl", hash = "sha256:a4cbdef3ddf777423060c6f81b5694bad2dc9675f110c4b2a60dc0181543fac7", size = 15575611, upload-time = "2025-04-19T22:43:09.928Z" },
    { url = "https://files.pythonhosted.org/packages/a3/45/40f4135341850df48f8edcf949cf47b523c404b712774f8855a64c96ef29/numpy-2.2.5-cp313-cp313-musllinux_1_2_x86_64.whl", hash = "sha256:54088a5a147ab71a8e7fdfd8c3601972751ded0739c6b696ad9cb0343e21ab73", size = 17895747, upload-time = "2025-04-19T22:43:36.983Z" },
    { url = "https://files.pythonhosted.org/packages/f8/4c/b32a17a46f0ffbde8cc82df6d3daeaf4f552e346df143e1b188a701a8f09/numpy-2.2.5-cp313-cp313-win32.whl", hash = "sha256:c8b82a55ef86a2d8e81b63da85e55f5537d2157165be1cb2ce7cfa57b6aef38b", size = 6309594, upload-time = "2025-04-19T22:47:10.523Z" },
    { url = "https://files.pythonhosted.org/packages/13/ae/72e6276feb9ef06787365b05915bfdb057d01fceb4a43cb80978e518d79b/numpy-2.2.5-cp313-cp313-win_amd64.whl", hash = "sha256:d8882a829fd779f0f43998e931c466802a77ca1ee0fe25a3abe50278616b1471", size = 12638356, upload-time = "2025-04-19T22:47:30.253Z" },
    { url = "https://files.pythonhosted.org/packages/79/56/be8b85a9f2adb688e7ded6324e20149a03541d2b3297c3ffc1a73f46dedb/numpy-2.2.5-cp313-cp313t-macosx_10_13_x86_64.whl", hash = "sha256:e8b025c351b9f0e8b5436cf28a07fa4ac0204d67b38f01433ac7f9b870fa38c6", size = 20963778, upload-time = "2025-04-19T22:44:09.251Z" },
    { url = "https://files.pythonhosted.org/packages/ff/77/19c5e62d55bff507a18c3cdff82e94fe174957bad25860a991cac719d3ab/numpy-2.2.5-cp313-cp313t-macosx_11_0_arm64.whl", hash = "sha256:8dfa94b6a4374e7851bbb6f35e6ded2120b752b063e6acdd3157e4d2bb922eba", size = 14207279, upload-time = "2025-04-19T22:44:31.383Z" },
    { url = "https://files.pythonhosted.org/packages/75/22/aa11f22dc11ff4ffe4e849d9b63bbe8d4ac6d5fae85ddaa67dfe43be3e76/numpy-2.2.5-cp313-cp313t-macosx_14_0_arm64.whl", hash = "sha256:97c8425d4e26437e65e1d189d22dff4a079b747ff9c2788057bfb8114ce1e133", size = 5199247, upload-time = "2025-04-19T22:44:40.361Z" },
    { url = "https://files.pythonhosted.org/packages/4f/6c/12d5e760fc62c08eded0394f62039f5a9857f758312bf01632a81d841459/numpy-2.2.5-cp313-cp313t-macosx_14_0_x86_64.whl", hash = "sha256:352d330048c055ea6db701130abc48a21bec690a8d38f8284e00fab256dc1376", size = 6711087, upload-time = "2025-04-19T22:44:51.188Z" },
    { url = "https://files.pythonhosted.org/packages/ef/94/ece8280cf4218b2bee5cec9567629e61e51b4be501e5c6840ceb593db945/numpy-2.2.5-cp313-cp313t-manylinux_2_17_aarch64.manylinux2014_aarch64.whl", hash = "sha256:8b4c0773b6ada798f51f0f8e30c054d32304ccc6e9c5d93d46cb26f3d385ab19", size = 14059964, upload-time = "2025-04-19T22:45:12.451Z" },
    { url = "https://files.pythonhosted.org/packages/39/41/c5377dac0514aaeec69115830a39d905b1882819c8e65d97fc60e177e19e/numpy-2.2.5-cp313-cp313t-manylinux_2_17_x86_64.manylinux2014_x86_64.whl", hash = "sha256:55f09e00d4dccd76b179c0f18a44f041e5332fd0e022886ba1c0bbf3ea4a18d0", size = 16121214, upload-time = "2025-04-19T22:45:37.734Z" },
    { url = "https://files.pythonhosted.org/packages/db/54/3b9f89a943257bc8e187145c6bc0eb8e3d615655f7b14e9b490b053e8149/numpy-2.2.5-cp313-cp313t-musllinux_1_2_aarch64.whl", hash = "sha256:02f226baeefa68f7d579e213d0f3493496397d8f1cff5e2b222af274c86a552a", size = 15575788, upload-time = "2025-04-19T22:46:01.908Z" },
    { url = "https://files.pythonhosted.org/packages/b1/c4/2e407e85df35b29f79945751b8f8e671057a13a376497d7fb2151ba0d290/numpy-2.2.5-cp313-cp313t-musllinux_1_2_x86_64.whl", hash = "sha256:c26843fd58f65da9491165072da2cccc372530681de481ef670dcc8e27cfb066", size = 17893672, upload-time = "2025-04-19T22:46:28.585Z" },
    { url = "https://files.pythonhosted.org/packages/29/7e/d0b44e129d038dba453f00d0e29ebd6eaf2f06055d72b95b9947998aca14/numpy-2.2.5-cp313-cp313t-win32.whl", hash = "sha256:1a161c2c79ab30fe4501d5a2bbfe8b162490757cf90b7f05be8b80bc02f7bb8e", size = 6377102, upload-time = "2025-04-19T22:46:39.949Z" },
    { url = "https://files.pythonhosted.org/packages/63/be/b85e4aa4bf42c6502851b971f1c326d583fcc68227385f92089cf50a7b45/numpy-2.2.5-cp313-cp313t-win_amd64.whl", hash = "sha256:d403c84991b5ad291d3809bace5e85f4bbf44a04bdc9a88ed2bb1807b3360bb8", size = 12750096, upload-time = "2025-04-19T22:47:00.147Z" },
]

[[package]]
name = "opencv-python-headless"
version = "4.11.0.86"
source = { registry = "https://pypi.org/simple" }
dependencies = [
    { name = "numpy" },
]
sdist = { url = "https://files.pythonhosted.org/packages/36/2f/5b2b3ba52c864848885ba988f24b7f105052f68da9ab0e693cc7c25b0b30/opencv-python-headless-4.11.0.86.tar.gz", hash = "sha256:996eb282ca4b43ec6a3972414de0e2331f5d9cda2b41091a49739c19fb843798", size = 95177929, upload-time = "2025-01-16T13:53:40.22Z" }
wheels = [
    { url = "https://files.pythonhosted.org/packages/dc/53/2c50afa0b1e05ecdb4603818e85f7d174e683d874ef63a6abe3ac92220c8/opencv_python_headless-4.11.0.86-cp37-abi3-macosx_13_0_arm64.whl", hash = "sha256:48128188ade4a7e517237c8e1e11a9cdf5c282761473383e77beb875bb1e61ca", size = 37326460, upload-time = "2025-01-16T13:52:57.015Z" },
    { url = "https://files.pythonhosted.org/packages/3b/43/68555327df94bb9b59a1fd645f63fafb0762515344d2046698762fc19d58/opencv_python_headless-4.11.0.86-cp37-abi3-macosx_13_0_x86_64.whl", hash = "sha256:a66c1b286a9de872c343ee7c3553b084244299714ebb50fbdcd76f07ebbe6c81", size = 56723330, upload-time = "2025-01-16T13:55:45.731Z" },
    { url = "https://files.pythonhosted.org/packages/45/be/1438ce43ebe65317344a87e4b150865c5585f4c0db880a34cdae5ac46881/opencv_python_headless-4.11.0.86-cp37-abi3-manylinux_2_17_aarch64.manylinux2014_aarch64.whl", hash = "sha256:6efabcaa9df731f29e5ea9051776715b1bdd1845d7c9530065c7951d2a2899eb", size = 29487060, upload-time = "2025-01-16T13:51:59.625Z" },
    { url = "https://files.pythonhosted.org/packages/dd/5c/c139a7876099916879609372bfa513b7f1257f7f1a908b0bdc1c2328241b/opencv_python_headless-4.11.0.86-cp37-abi3-manylinux_2_17_x86_64.manylinux2014_x86_64.whl", hash = "sha256:0e0a27c19dd1f40ddff94976cfe43066fbbe9dfbb2ec1907d66c19caef42a57b", size = 49969856, upload-time = "2025-01-16T13:53:29.654Z" },
    { url = "https://files.pythonhosted.org/packages/95/dd/ed1191c9dc91abcc9f752b499b7928aacabf10567bb2c2535944d848af18/opencv_python_headless-4.11.0.86-cp37-abi3-win32.whl", hash = "sha256:f447d8acbb0b6f2808da71fddd29c1cdd448d2bc98f72d9bb78a7a898fc9621b", size = 29324425, upload-time = "2025-01-16T13:52:49.048Z" },
    { url = "https://files.pythonhosted.org/packages/86/8a/69176a64335aed183529207ba8bc3d329c2999d852b4f3818027203f50e6/opencv_python_headless-4.11.0.86-cp37-abi3-win_amd64.whl", hash = "sha256:6c304df9caa7a6a5710b91709dd4786bf20a74d57672b3c31f7033cc638174ca", size = 39402386, upload-time = "2025-01-16T13:52:56.418Z" },
]

[[package]]
name = "tqdm"
version = "4.67.1"
source = { registry = "https://pypi.org/simple" }
dependencies = [
    { name = "colorama", marker = "sys_platform == 'win32'" },
]
sdist = { url = "https://files.pythonhosted.org/packages/a8/4b/29b4ef32e036bb34e4ab51796dd745cdba7ed47ad142a9f4a1eb8e0c744d/tqdm-4.67.1.tar.gz", hash = "sha256:f8aef9c52c08c13a65f30ea34f4e5aac3fd1a34959879d7e59e63027286627f2", size = 169737, upload-time = "2024-11-24T20:12:22.481Z" }
wheels = [
    { url = "https://files.pythonhosted.org/packages/d0/30/dc54f88dd4a2b5dc8a0279bdd7270e735851848b762aeb1c1184ed1f6b14/tqdm-4.67.1-py3-none-any.whl", hash = "sha256:26445eca388f82e72884e0d580d5464cd801a3ea01e63e5601bdff9ba6a48de2", size = 78540, upload-time = "2024-11-24T20:12:19.698Z" },
]
